
Microsoft Visual Studio Solution File, Format Version 12.00
# Visual Studio 15
VisualStudioVersion = 15.0.26228.4
MinimumVisualStudioVersion = 10.0.40219.1
Project("{2150E333-8FDC-42A3-9474-1A3956D46DE8}") = "Solution Items", "Solution Items", "{4496882D-ECF4-4862-B680-F9F2A03612BA}"
EndProject
Project("{9A19103F-16F7-4668-BE54-9A1E7A4F7556}") = "APIDev", "APIDev\APIDev.csproj", "{99A2AD07-DBA3-4EBF-9746-4CB78C8E2672}"
EndProject
Project("{9A19103F-16F7-4668-BE54-9A1E7A4F7556}") = "DashBoardDev", "DashBoardDev\DashBoardDev.csproj", "{7569DCC9-A47D-4999-97CE-5A265B7D0BB5}"
EndProject
Project("{9A19103F-16F7-4668-BE54-9A1E7A4F7556}") = "IdentityDev", "IdentityDev\IdentityDev.csproj", "{FDC94FCF-A89C-4E5C-BB36-7898F493B1E5}"
EndProject
Global
	GlobalSection(SolutionConfigurationPlatforms) = preSolution
		Debug|Any CPU = Debug|Any CPU
		Release|Any CPU = Release|Any CPU
	EndGlobalSection
	GlobalSection(ProjectConfigurationPlatforms) = postSolution
		{99A2AD07-DBA3-4EBF-9746-4CB78C8E2672}.Debug|Any CPU.ActiveCfg = Debug|Any CPU
		{99A2AD07-DBA3-4EBF-9746-4CB78C8E2672}.Debug|Any CPU.Build.0 = Debug|Any CPU
		{99A2AD07-DBA3-4EBF-9746-4CB78C8E2672}.Release|Any CPU.ActiveCfg = Release|Any CPU
		{99A2AD07-DBA3-4EBF-9746-4CB78C8E2672}.Release|Any CPU.Build.0 = Release|Any CPU
		{7569DCC9-A47D-4999-97CE-5A265B7D0BB5}.Debug|Any CPU.ActiveCfg = Debug|Any CPU
		{7569DCC9-A47D-4999-97CE-5A265B7D0BB5}.Debug|Any CPU.Build.0 = Debug|Any CPU
		{7569DCC9-A47D-4999-97CE-5A265B7D0BB5}.Release|Any CPU.ActiveCfg = Release|Any CPU
		{7569DCC9-A47D-4999-97CE-5A265B7D0BB5}.Release|Any CPU.Build.0 = Release|Any CPU
		{FDC94FCF-A89C-4E5C-BB36-7898F493B1E5}.Debug|Any CPU.ActiveCfg = Debug|Any CPU
		{FDC94FCF-A89C-4E5C-BB36-7898F493B1E5}.Debug|Any CPU.Build.0 = Debug|Any CPU
		{FDC94FCF-A89C-4E5C-BB36-7898F493B1E5}.Release|Any CPU.ActiveCfg = Release|Any CPU
		{FDC94FCF-A89C-4E5C-BB36-7898F493B1E5}.Release|Any CPU.Build.0 = Release|Any CPU
	EndGlobalSection
	GlobalSection(SolutionProperties) = preSolution
		HideSolutionNode = FALSE
	EndGlobalSection
EndGlobal
